
Microsoft Visual Studio Solution File, Format Version 12.00
# Visual Studio Version 17
VisualStudioVersion = 17.2.32616.157
MinimumVisualStudioVersion = 10.0.40219.1
Project("{FAE04EC0-301F-11D3-BF4B-00C04F79EFBC}") = "MInfiniteSentries", "MInfiniteSentries\MInfiniteSentries.csproj", "{168AC591-A4B5-414C-8304-991ECDC97F0A}"
EndProject
Global
	GlobalSection(SolutionConfigurationPlatforms) = preSolution
		Debug|Any CPU = Debug|Any CPU
		Release|Any CPU = Release|Any CPU
	EndGlobalSection
	GlobalSection(ProjectConfigurationPlatforms) = postSolution
		{168AC591-A4B5-414C-8304-991ECDC97F0A}.Debug|Any CPU.ActiveCfg = Debug|Any CPU
		{168AC591-A4B5-414C-8304-991ECDC97F0A}.Debug|Any CPU.Build.0 = Debug|Any CPU
		{168AC591-A4B5-414C-8304-991ECDC97F0A}.Release|Any CPU.ActiveCfg = Release|Any CPU
		{168AC591-A4B5-414C-8304-991ECDC97F0A}.Release|Any CPU.Build.0 = Release|Any CPU
	EndGlobalSection
	GlobalSection(SolutionProperties) = preSolution
		HideSolutionNode = FALSE
	EndGlobalSection
	GlobalSection(ExtensibilityGlobals) = postSolution
		SolutionGuid = {563F99CB-2288-49C8-B67D-A2EAA4907125}
	EndGlobalSection
EndGlobal
